{
  "object": {
    "pins": [
      {
        "package": "Compute",
        "repositoryURL": "https://github.com/AndrewBarba/swift-compute-runtime",
        "state": {
          "branch": "main",
          "revision": "6ad4ec6af8601e565c9e339d3565c987ae8fed78",
          "version": null
        }
      }
    ]
  },
  "version": 1
}
